
Microsoft Visual Studio Solution File, Format Version 12.00
# Visual Studio Version 16
VisualStudioVersion = 16.0.32106.194
MinimumVisualStudioVersion = 10.0.40219.1
Project("{FAE04EC0-301F-11D3-BF4B-00C04F79EFBC}") = "Toci.AffectiveBipolar.Ui", "Toci.AffectiveBipolar\Toci.AffectiveBipolar.Ui.csproj", "{6B16CC04-579E-48E3-A160-19322961B757}"
EndProject
Project("{FAE04EC0-301F-11D3-BF4B-00C04F79EFBC}") = "Toci.AffectiveBipolar.Database.Persistence", "Toci.AffectiveBipolar.Database.Persistence\Toci.AffectiveBipolar.Database.Persistence.csproj", "{16563742-C630-4E3C-A608-5D3AF6A18805}"
EndProject
Project("{FAE04EC0-301F-11D3-BF4B-00C04F79EFBC}") = "Toci.AffectiveBipolar.Bll", "Toci.AffectiveBipolar.Bll\Toci.AffectiveBipolar.Bll.csproj", "{253D7480-AEB5-4D81-B21F-0C77DA54AB4B}"
EndProject
Project("{FAE04EC0-301F-11D3-BF4B-00C04F79EFBC}") = "Toci.AffectiveBipolar.Bll.Interfaces", "Toci.AffectiveBipolar.Bll.Interfaces\Toci.AffectiveBipolar.Bll.Interfaces.csproj", "{DE5FC837-4CBB-47DC-BF2C-FED0B9C4A4DA}"
EndProject
Global
	GlobalSection(SolutionConfigurationPlatforms) = preSolution
		Debug|Any CPU = Debug|Any CPU
		Release|Any CPU = Release|Any CPU
	EndGlobalSection
	GlobalSection(ProjectConfigurationPlatforms) = postSolution
		{6B16CC04-579E-48E3-A160-19322961B757}.Debug|Any CPU.ActiveCfg = Debug|Any CPU
		{6B16CC04-579E-48E3-A160-19322961B757}.Debug|Any CPU.Build.0 = Debug|Any CPU
		{6B16CC04-579E-48E3-A160-19322961B757}.Release|Any CPU.ActiveCfg = Release|Any CPU
		{6B16CC04-579E-48E3-A160-19322961B757}.Release|Any CPU.Build.0 = Release|Any CPU
		{16563742-C630-4E3C-A608-5D3AF6A18805}.Debug|Any CPU.ActiveCfg = Debug|Any CPU
		{16563742-C630-4E3C-A608-5D3AF6A18805}.Debug|Any CPU.Build.0 = Debug|Any CPU
		{16563742-C630-4E3C-A608-5D3AF6A18805}.Release|Any CPU.ActiveCfg = Release|Any CPU
		{16563742-C630-4E3C-A608-5D3AF6A18805}.Release|Any CPU.Build.0 = Release|Any CPU
		{253D7480-AEB5-4D81-B21F-0C77DA54AB4B}.Debug|Any CPU.ActiveCfg = Debug|Any CPU
		{253D7480-AEB5-4D81-B21F-0C77DA54AB4B}.Debug|Any CPU.Build.0 = Debug|Any CPU
		{253D7480-AEB5-4D81-B21F-0C77DA54AB4B}.Release|Any CPU.ActiveCfg = Release|Any CPU
		{253D7480-AEB5-4D81-B21F-0C77DA54AB4B}.Release|Any CPU.Build.0 = Release|Any CPU
		{DE5FC837-4CBB-47DC-BF2C-FED0B9C4A4DA}.Debug|Any CPU.ActiveCfg = Debug|Any CPU
		{DE5FC837-4CBB-47DC-BF2C-FED0B9C4A4DA}.Debug|Any CPU.Build.0 = Debug|Any CPU
		{DE5FC837-4CBB-47DC-BF2C-FED0B9C4A4DA}.Release|Any CPU.ActiveCfg = Release|Any CPU
		{DE5FC837-4CBB-47DC-BF2C-FED0B9C4A4DA}.Release|Any CPU.Build.0 = Release|Any CPU
	EndGlobalSection
	GlobalSection(SolutionProperties) = preSolution
		HideSolutionNode = FALSE
	EndGlobalSection
	GlobalSection(ExtensibilityGlobals) = postSolution
		SolutionGuid = {F80AF11E-B4BF-4E79-8F2B-491D6776A07C}
	EndGlobalSection
EndGlobal
